
Microsoft Visual Studio Solution File, Format Version 12.00
# Visual Studio Version 17
VisualStudioVersion = 17.3.32901.215
MinimumVisualStudioVersion = 10.0.40219.1
Project("{9A19103F-16F7-4668-BE54-9A1E7A4F7556}") = "BankOfIsraelCurrency", "BankOfIsraelCurrency\BankOfIsraelCurrency.csproj", "{5525A3F5-86C3-465C-8296-EC1A0848C2DF}"
EndProject
Project("{9A19103F-16F7-4668-BE54-9A1E7A4F7556}") = "EFCoreTest", "EFCoreTest\EFCoreTest.csproj", "{283A55CF-3D52-4156-8A97-C1ED2D538B2E}"
EndProject
Project("{9A19103F-16F7-4668-BE54-9A1E7A4F7556}") = "LongRunningJob", "LongRunningJob\LongRunningJob.csproj", "{802B378D-F614-41C0-A397-FE061AEDF69C}"
EndProject
Project("{9A19103F-16F7-4668-BE54-9A1E7A4F7556}") = "RetryDemoJob", "RetryDemoJob\RetryDemoJob.csproj", "{C7578343-9F9A-4E92-86AF-FB2733CFE29C}"
EndProject
Project("{9A19103F-16F7-4668-BE54-9A1E7A4F7556}") = "TestAction", "TestAction\TestAction.csproj", "{242B54F7-C102-44F1-B380-32599A80A02E}"
EndProject
Project("{9A19103F-16F7-4668-BE54-9A1E7A4F7556}") = "TestAggEx", "TestAggEx\TestAggEx.csproj", "{46771E4F-521B-4056-AA2C-B5449C8818FE}"
EndProject
Project("{9A19103F-16F7-4668-BE54-9A1E7A4F7556}") = "Planar.Job", "..\nuget packages\Planar.Job\Planar.Job.csproj", "{F78E009C-B37B-4FB0-AC8D-6CA7065A8195}"
EndProject
Project("{2150E333-8FDC-42A3-9474-1A3956D46DE8}") = "package", "package", "{33BBD853-2616-4EFF-A553-FC4CDC022BF9}"
EndProject
Project("{9A19103F-16F7-4668-BE54-9A1E7A4F7556}") = "DemoProcessJob", "DemoProcessJob\DemoProcessJob.csproj", "{679F9421-94EF-48D0-9580-510747D69656}"
EndProject
Project("{9A19103F-16F7-4668-BE54-9A1E7A4F7556}") = "LongRunningProcess", "LongRunningProcess\LongRunningProcess.csproj", "{D165A2F6-31EF-4557-A14E-96A556B6F163}"
EndProject
Project("{9A19103F-16F7-4668-BE54-9A1E7A4F7556}") = "Planar.Common", "..\nuget packages\Planar.Common\Planar.Common.csproj", "{AF080F39-A0B0-434D-85E4-66915110CB9E}"
EndProject
Project("{9A19103F-16F7-4668-BE54-9A1E7A4F7556}") = "CancelTokenTest", "CancelTokenTest\CancelTokenTest.csproj", "{374AC847-71F3-4228-87FA-7002B70393D7}"
EndProject
Project("{9A19103F-16F7-4668-BE54-9A1E7A4F7556}") = "HelloWorld", "HelloWorld\HelloWorld.csproj", "{B3273234-362E-47CE-BC81-76BB30895F5C}"
EndProject
Project("{9A19103F-16F7-4668-BE54-9A1E7A4F7556}") = "HelloWorldWithData", "HelloWorldWithData\HelloWorldWithData.csproj", "{038FAD63-2ECD-4890-AF96-29BFCAE542DB}"
EndProject
Project("{9A19103F-16F7-4668-BE54-9A1E7A4F7556}") = "AggregateException", "AggregateException\AggregateException.csproj", "{50B307F9-662B-437A-B4B3-F56C072E9128}"
EndProject
Project("{9A19103F-16F7-4668-BE54-9A1E7A4F7556}") = "AbnormalExitCode", "AbnormalExitCode\AbnormalExitCode.csproj", "{0A6F808D-2952-4403-B872-5F0ABC0C3E69}"
EndProject
Project("{2150E333-8FDC-42A3-9474-1A3956D46DE8}") = "Hooks", "Hooks", "{C2AD39A4-80B5-4E89-B50D-E08C47753668}"
EndProject
Project("{FAE04EC0-301F-11D3-BF4B-00C04F79EFBC}") = "AigSmsHook", "AigSmsHook\AigSmsHook.csproj", "{C5AD1D57-EA71-47CD-858B-67750D118D92}"
EndProject
Global
	GlobalSection(SolutionConfigurationPlatforms) = preSolution
		Debug|Any CPU = Debug|Any CPU
		Release|Any CPU = Release|Any CPU
	EndGlobalSection
	GlobalSection(ProjectConfigurationPlatforms) = postSolution
		{5525A3F5-86C3-465C-8296-EC1A0848C2DF}.Debug|Any CPU.ActiveCfg = Debug|Any CPU
		{5525A3F5-86C3-465C-8296-EC1A0848C2DF}.Debug|Any CPU.Build.0 = Debug|Any CPU
		{5525A3F5-86C3-465C-8296-EC1A0848C2DF}.Release|Any CPU.ActiveCfg = Release|Any CPU
		{5525A3F5-86C3-465C-8296-EC1A0848C2DF}.Release|Any CPU.Build.0 = Release|Any CPU
		{283A55CF-3D52-4156-8A97-C1ED2D538B2E}.Debug|Any CPU.ActiveCfg = Debug|Any CPU
		{283A55CF-3D52-4156-8A97-C1ED2D538B2E}.Debug|Any CPU.Build.0 = Debug|Any CPU
		{283A55CF-3D52-4156-8A97-C1ED2D538B2E}.Release|Any CPU.ActiveCfg = Release|Any CPU
		{283A55CF-3D52-4156-8A97-C1ED2D538B2E}.Release|Any CPU.Build.0 = Release|Any CPU
		{802B378D-F614-41C0-A397-FE061AEDF69C}.Debug|Any CPU.ActiveCfg = Debug|Any CPU
		{802B378D-F614-41C0-A397-FE061AEDF69C}.Debug|Any CPU.Build.0 = Debug|Any CPU
		{802B378D-F614-41C0-A397-FE061AEDF69C}.Release|Any CPU.ActiveCfg = Release|Any CPU
		{802B378D-F614-41C0-A397-FE061AEDF69C}.Release|Any CPU.Build.0 = Release|Any CPU
		{C7578343-9F9A-4E92-86AF-FB2733CFE29C}.Debug|Any CPU.ActiveCfg = Debug|Any CPU
		{C7578343-9F9A-4E92-86AF-FB2733CFE29C}.Debug|Any CPU.Build.0 = Debug|Any CPU
		{C7578343-9F9A-4E92-86AF-FB2733CFE29C}.Release|Any CPU.ActiveCfg = Release|Any CPU
		{C7578343-9F9A-4E92-86AF-FB2733CFE29C}.Release|Any CPU.Build.0 = Release|Any CPU
		{242B54F7-C102-44F1-B380-32599A80A02E}.Debug|Any CPU.ActiveCfg = Debug|Any CPU
		{242B54F7-C102-44F1-B380-32599A80A02E}.Debug|Any CPU.Build.0 = Debug|Any CPU
		{242B54F7-C102-44F1-B380-32599A80A02E}.Release|Any CPU.ActiveCfg = Release|Any CPU
		{242B54F7-C102-44F1-B380-32599A80A02E}.Release|Any CPU.Build.0 = Release|Any CPU
		{46771E4F-521B-4056-AA2C-B5449C8818FE}.Debug|Any CPU.ActiveCfg = Debug|Any CPU
		{46771E4F-521B-4056-AA2C-B5449C8818FE}.Debug|Any CPU.Build.0 = Debug|Any CPU
		{46771E4F-521B-4056-AA2C-B5449C8818FE}.Release|Any CPU.ActiveCfg = Release|Any CPU
		{46771E4F-521B-4056-AA2C-B5449C8818FE}.Release|Any CPU.Build.0 = Release|Any CPU
		{F78E009C-B37B-4FB0-AC8D-6CA7065A8195}.Debug|Any CPU.ActiveCfg = Debug|Any CPU
		{F78E009C-B37B-4FB0-AC8D-6CA7065A8195}.Debug|Any CPU.Build.0 = Debug|Any CPU
		{F78E009C-B37B-4FB0-AC8D-6CA7065A8195}.Release|Any CPU.ActiveCfg = Release|Any CPU
		{F78E009C-B37B-4FB0-AC8D-6CA7065A8195}.Release|Any CPU.Build.0 = Release|Any CPU
		{679F9421-94EF-48D0-9580-510747D69656}.Debug|Any CPU.ActiveCfg = Debug|Any CPU
		{679F9421-94EF-48D0-9580-510747D69656}.Debug|Any CPU.Build.0 = Debug|Any CPU
		{679F9421-94EF-48D0-9580-510747D69656}.Release|Any CPU.ActiveCfg = Release|Any CPU
		{679F9421-94EF-48D0-9580-510747D69656}.Release|Any CPU.Build.0 = Release|Any CPU
		{D165A2F6-31EF-4557-A14E-96A556B6F163}.Debug|Any CPU.ActiveCfg = Debug|Any CPU
		{D165A2F6-31EF-4557-A14E-96A556B6F163}.Debug|Any CPU.Build.0 = Debug|Any CPU
		{D165A2F6-31EF-4557-A14E-96A556B6F163}.Release|Any CPU.ActiveCfg = Release|Any CPU
		{D165A2F6-31EF-4557-A14E-96A556B6F163}.Release|Any CPU.Build.0 = Release|Any CPU
		{AF080F39-A0B0-434D-85E4-66915110CB9E}.Debug|Any CPU.ActiveCfg = Debug|Any CPU
		{AF080F39-A0B0-434D-85E4-66915110CB9E}.Debug|Any CPU.Build.0 = Debug|Any CPU
		{AF080F39-A0B0-434D-85E4-66915110CB9E}.Release|Any CPU.ActiveCfg = Release|Any CPU
		{AF080F39-A0B0-434D-85E4-66915110CB9E}.Release|Any CPU.Build.0 = Release|Any CPU
		{374AC847-71F3-4228-87FA-7002B70393D7}.Debug|Any CPU.ActiveCfg = Debug|Any CPU
		{374AC847-71F3-4228-87FA-7002B70393D7}.Debug|Any CPU.Build.0 = Debug|Any CPU
		{374AC847-71F3-4228-87FA-7002B70393D7}.Release|Any CPU.ActiveCfg = Release|Any CPU
		{374AC847-71F3-4228-87FA-7002B70393D7}.Release|Any CPU.Build.0 = Release|Any CPU
		{B3273234-362E-47CE-BC81-76BB30895F5C}.Debug|Any CPU.ActiveCfg = Debug|Any CPU
		{B3273234-362E-47CE-BC81-76BB30895F5C}.Debug|Any CPU.Build.0 = Debug|Any CPU
		{B3273234-362E-47CE-BC81-76BB30895F5C}.Release|Any CPU.ActiveCfg = Release|Any CPU
		{B3273234-362E-47CE-BC81-76BB30895F5C}.Release|Any CPU.Build.0 = Release|Any CPU
		{038FAD63-2ECD-4890-AF96-29BFCAE542DB}.Debug|Any CPU.ActiveCfg = Debug|Any CPU
		{038FAD63-2ECD-4890-AF96-29BFCAE542DB}.Debug|Any CPU.Build.0 = Debug|Any CPU
		{038FAD63-2ECD-4890-AF96-29BFCAE542DB}.Release|Any CPU.ActiveCfg = Release|Any CPU
		{038FAD63-2ECD-4890-AF96-29BFCAE542DB}.Release|Any CPU.Build.0 = Release|Any CPU
		{50B307F9-662B-437A-B4B3-F56C072E9128}.Debug|Any CPU.ActiveCfg = Debug|Any CPU
		{50B307F9-662B-437A-B4B3-F56C072E9128}.Debug|Any CPU.Build.0 = Debug|Any CPU
		{50B307F9-662B-437A-B4B3-F56C072E9128}.Release|Any CPU.ActiveCfg = Release|Any CPU
		{50B307F9-662B-437A-B4B3-F56C072E9128}.Release|Any CPU.Build.0 = Release|Any CPU
		{0A6F808D-2952-4403-B872-5F0ABC0C3E69}.Debug|Any CPU.ActiveCfg = Debug|Any CPU
		{0A6F808D-2952-4403-B872-5F0ABC0C3E69}.Debug|Any CPU.Build.0 = Debug|Any CPU
		{0A6F808D-2952-4403-B872-5F0ABC0C3E69}.Release|Any CPU.ActiveCfg = Release|Any CPU
		{0A6F808D-2952-4403-B872-5F0ABC0C3E69}.Release|Any CPU.Build.0 = Release|Any CPU
		{C5AD1D57-EA71-47CD-858B-67750D118D92}.Debug|Any CPU.ActiveCfg = Debug|Any CPU
		{C5AD1D57-EA71-47CD-858B-67750D118D92}.Debug|Any CPU.Build.0 = Debug|Any CPU
		{C5AD1D57-EA71-47CD-858B-67750D118D92}.Release|Any CPU.ActiveCfg = Release|Any CPU
		{C5AD1D57-EA71-47CD-858B-67750D118D92}.Release|Any CPU.Build.0 = Release|Any CPU
	EndGlobalSection
	GlobalSection(SolutionProperties) = preSolution
		HideSolutionNode = FALSE
	EndGlobalSection
	GlobalSection(NestedProjects) = preSolution
		{F78E009C-B37B-4FB0-AC8D-6CA7065A8195} = {33BBD853-2616-4EFF-A553-FC4CDC022BF9}
		{AF080F39-A0B0-434D-85E4-66915110CB9E} = {33BBD853-2616-4EFF-A553-FC4CDC022BF9}
		{C5AD1D57-EA71-47CD-858B-67750D118D92} = {C2AD39A4-80B5-4E89-B50D-E08C47753668}
	EndGlobalSection
	GlobalSection(ExtensibilityGlobals) = postSolution
		SolutionGuid = {F30257B7-435D-473B-9997-2AA3DF5E7D03}
	EndGlobalSection
EndGlobal
