
Microsoft Visual Studio Solution File, Format Version 12.00
# Visual Studio Version 17
VisualStudioVersion = 17.1.32319.34
MinimumVisualStudioVersion = 10.0.40219.1
Project("{9A19103F-16F7-4668-BE54-9A1E7A4F7556}") = "TestAction", "TestAction\TestAction.csproj", "{58D92AE9-7D0F-4206-9AEA-2D5B40A9E96F}"
EndProject
Project("{9A19103F-16F7-4668-BE54-9A1E7A4F7556}") = "Planner.CLI", "Planner.CLI\Planner.CLI.csproj", "{B2C8984C-395D-438E-BFF3-393775D1B8AC}"
EndProject
Project("{9A19103F-16F7-4668-BE54-9A1E7A4F7556}") = "Planner.Common", "Planner.Common\Planner.Common.csproj", "{1E886FF4-016C-47FF-84BE-2AFCE5A10A2D}"
EndProject
Project("{9A19103F-16F7-4668-BE54-9A1E7A4F7556}") = "Planner.Service", "Planner.Service\Planner.Service.csproj", "{0875B6C0-C563-4F74-AA0C-2B305A7A2297}"
EndProject
Project("{9A19103F-16F7-4668-BE54-9A1E7A4F7556}") = "RunPlannerJob", "Jobs\RunPlannerJob\RunPlannerJob.csproj", "{02B629A8-83FE-4D17-8BD8-A386FDF075D8}"
EndProject
Project("{2150E333-8FDC-42A3-9474-1A3956D46DE8}") = "Jobs", "Jobs", "{8877FB52-2C70-41FB-8119-13C99EF673E1}"
EndProject
Project("{2150E333-8FDC-42A3-9474-1A3956D46DE8}") = "Test", "Test", "{E4B60197-60EA-4593-9085-37B34CD99CCD}"
EndProject
Project("{9A19103F-16F7-4668-BE54-9A1E7A4F7556}") = "Planner.Test", "Planner.Test\Planner.Test.csproj", "{8324A2CF-51E8-445C-976A-173E096B19E7}"
EndProject
Project("{9A19103F-16F7-4668-BE54-9A1E7A4F7556}") = "CommonJob", "CommonJob\CommonJob.csproj", "{55F06EF8-6C9E-47AB-A5A6-E416E9575A4B}"
EndProject
Project("{2150E333-8FDC-42A3-9474-1A3956D46DE8}") = "Solution Items", "Solution Items", "{0DB882F1-2470-40F6-AB4B-4030A653BBCC}"
	ProjectSection(SolutionItems) = preProject
		.editorconfig = .editorconfig
		SolutionItems\BuildDatabase.sql = SolutionItems\BuildDatabase.sql
		Features.txt = Features.txt
		Install.txt = Install.txt
		Scaffold-DbContext.txt = Scaffold-DbContext.txt
		ToDo.txt = ToDo.txt
	EndProjectSection
EndProject
Project("{9A19103F-16F7-4668-BE54-9A1E7A4F7556}") = "Planner.API.Common", "Planner.API.Common\Planner.API.Common.csproj", "{A0B58A23-181D-4BFA-A9DA-0652DBDDF7A3}"
EndProject
Project("{9A19103F-16F7-4668-BE54-9A1E7A4F7556}") = "Planner.Client", "Planner.Client\Planner.Client.csproj", "{C786A9DF-6325-451F-94DC-141F62AE6DCE}"
EndProject
Project("{9A19103F-16F7-4668-BE54-9A1E7A4F7556}") = "Planner.MonitorHook", "Planner.MonitorHook\Planner.MonitorHook.csproj", "{05F951DD-BD8C-4D4D-AE76-01F920A02680}"
EndProject
Project("{9A19103F-16F7-4668-BE54-9A1E7A4F7556}") = "Planner.Client.Test", "Planner.Client.Test\Planner.Client.Test.csproj", "{2D7C6E55-016D-4C43-8CD8-56CC50B22CE3}"
EndProject
Project("{2150E333-8FDC-42A3-9474-1A3956D46DE8}") = "MonitorHooks", "MonitorHooks", "{54DA8D37-F640-4C45-910E-8074F4D30FEE}"
EndProject
Project("{9A19103F-16F7-4668-BE54-9A1E7A4F7556}") = "Planner.HttpMonitorHook", "Planner.HttpMonitorHook\Planner.HttpMonitorHook.csproj", "{20B4B3DD-D4C6-4EE6-96D3-9E95CABFAA5B}"
EndProject
Project("{9A19103F-16F7-4668-BE54-9A1E7A4F7556}") = "Planner.TeamsMonitorHook", "Planner.TeamsMonitorHook\Planner.TeamsMonitorHook.csproj", "{C6A913AE-C44C-4DA9-B431-ABACA4B135B8}"
EndProject
Project("{9A19103F-16F7-4668-BE54-9A1E7A4F7556}") = "TestAggEx", "TestAggEx\TestAggEx.csproj", "{8E25D607-7B89-4869-96EE-EE263453FA3E}"
EndProject
Project("{9A19103F-16F7-4668-BE54-9A1E7A4F7556}") = "DatabaseMigrations", "DatabaseMigrations\DatabaseMigrations.csproj", "{9FA5D8F5-0927-4149-896A-675D9373128B}"
EndProject
Project("{FAE04EC0-301F-11D3-BF4B-00C04F79EFBC}") = "RunPowerShellJob", "RunPowerShellJob\RunPowerShellJob.csproj", "{1B54F392-8C57-4F88-BC76-9072B338ED17}"
EndProject
Global
	GlobalSection(SolutionConfigurationPlatforms) = preSolution
		Debug|Any CPU = Debug|Any CPU
		Release|Any CPU = Release|Any CPU
	EndGlobalSection
	GlobalSection(ProjectConfigurationPlatforms) = postSolution
		{58D92AE9-7D0F-4206-9AEA-2D5B40A9E96F}.Debug|Any CPU.ActiveCfg = Debug|Any CPU
		{58D92AE9-7D0F-4206-9AEA-2D5B40A9E96F}.Debug|Any CPU.Build.0 = Debug|Any CPU
		{58D92AE9-7D0F-4206-9AEA-2D5B40A9E96F}.Release|Any CPU.ActiveCfg = Release|Any CPU
		{58D92AE9-7D0F-4206-9AEA-2D5B40A9E96F}.Release|Any CPU.Build.0 = Release|Any CPU
		{B2C8984C-395D-438E-BFF3-393775D1B8AC}.Debug|Any CPU.ActiveCfg = Debug|Any CPU
		{B2C8984C-395D-438E-BFF3-393775D1B8AC}.Debug|Any CPU.Build.0 = Debug|Any CPU
		{B2C8984C-395D-438E-BFF3-393775D1B8AC}.Release|Any CPU.ActiveCfg = Release|Any CPU
		{B2C8984C-395D-438E-BFF3-393775D1B8AC}.Release|Any CPU.Build.0 = Release|Any CPU
		{1E886FF4-016C-47FF-84BE-2AFCE5A10A2D}.Debug|Any CPU.ActiveCfg = Debug|Any CPU
		{1E886FF4-016C-47FF-84BE-2AFCE5A10A2D}.Debug|Any CPU.Build.0 = Debug|Any CPU
		{1E886FF4-016C-47FF-84BE-2AFCE5A10A2D}.Release|Any CPU.ActiveCfg = Release|Any CPU
		{1E886FF4-016C-47FF-84BE-2AFCE5A10A2D}.Release|Any CPU.Build.0 = Release|Any CPU
		{0875B6C0-C563-4F74-AA0C-2B305A7A2297}.Debug|Any CPU.ActiveCfg = Debug|Any CPU
		{0875B6C0-C563-4F74-AA0C-2B305A7A2297}.Debug|Any CPU.Build.0 = Debug|Any CPU
		{0875B6C0-C563-4F74-AA0C-2B305A7A2297}.Release|Any CPU.ActiveCfg = Release|Any CPU
		{0875B6C0-C563-4F74-AA0C-2B305A7A2297}.Release|Any CPU.Build.0 = Release|Any CPU
		{02B629A8-83FE-4D17-8BD8-A386FDF075D8}.Debug|Any CPU.ActiveCfg = Debug|Any CPU
		{02B629A8-83FE-4D17-8BD8-A386FDF075D8}.Debug|Any CPU.Build.0 = Debug|Any CPU
		{02B629A8-83FE-4D17-8BD8-A386FDF075D8}.Release|Any CPU.ActiveCfg = Release|Any CPU
		{02B629A8-83FE-4D17-8BD8-A386FDF075D8}.Release|Any CPU.Build.0 = Release|Any CPU
		{8324A2CF-51E8-445C-976A-173E096B19E7}.Debug|Any CPU.ActiveCfg = Debug|Any CPU
		{8324A2CF-51E8-445C-976A-173E096B19E7}.Debug|Any CPU.Build.0 = Debug|Any CPU
		{8324A2CF-51E8-445C-976A-173E096B19E7}.Release|Any CPU.ActiveCfg = Release|Any CPU
		{8324A2CF-51E8-445C-976A-173E096B19E7}.Release|Any CPU.Build.0 = Release|Any CPU
		{55F06EF8-6C9E-47AB-A5A6-E416E9575A4B}.Debug|Any CPU.ActiveCfg = Debug|Any CPU
		{55F06EF8-6C9E-47AB-A5A6-E416E9575A4B}.Debug|Any CPU.Build.0 = Debug|Any CPU
		{55F06EF8-6C9E-47AB-A5A6-E416E9575A4B}.Release|Any CPU.ActiveCfg = Release|Any CPU
		{55F06EF8-6C9E-47AB-A5A6-E416E9575A4B}.Release|Any CPU.Build.0 = Release|Any CPU
		{A0B58A23-181D-4BFA-A9DA-0652DBDDF7A3}.Debug|Any CPU.ActiveCfg = Debug|Any CPU
		{A0B58A23-181D-4BFA-A9DA-0652DBDDF7A3}.Debug|Any CPU.Build.0 = Debug|Any CPU
		{A0B58A23-181D-4BFA-A9DA-0652DBDDF7A3}.Release|Any CPU.ActiveCfg = Release|Any CPU
		{A0B58A23-181D-4BFA-A9DA-0652DBDDF7A3}.Release|Any CPU.Build.0 = Release|Any CPU
		{C786A9DF-6325-451F-94DC-141F62AE6DCE}.Debug|Any CPU.ActiveCfg = Debug|Any CPU
		{C786A9DF-6325-451F-94DC-141F62AE6DCE}.Debug|Any CPU.Build.0 = Debug|Any CPU
		{C786A9DF-6325-451F-94DC-141F62AE6DCE}.Release|Any CPU.ActiveCfg = Release|Any CPU
		{C786A9DF-6325-451F-94DC-141F62AE6DCE}.Release|Any CPU.Build.0 = Release|Any CPU
		{05F951DD-BD8C-4D4D-AE76-01F920A02680}.Debug|Any CPU.ActiveCfg = Debug|Any CPU
		{05F951DD-BD8C-4D4D-AE76-01F920A02680}.Debug|Any CPU.Build.0 = Debug|Any CPU
		{05F951DD-BD8C-4D4D-AE76-01F920A02680}.Release|Any CPU.ActiveCfg = Release|Any CPU
		{05F951DD-BD8C-4D4D-AE76-01F920A02680}.Release|Any CPU.Build.0 = Release|Any CPU
		{2D7C6E55-016D-4C43-8CD8-56CC50B22CE3}.Debug|Any CPU.ActiveCfg = Debug|Any CPU
		{2D7C6E55-016D-4C43-8CD8-56CC50B22CE3}.Debug|Any CPU.Build.0 = Debug|Any CPU
		{2D7C6E55-016D-4C43-8CD8-56CC50B22CE3}.Release|Any CPU.ActiveCfg = Release|Any CPU
		{2D7C6E55-016D-4C43-8CD8-56CC50B22CE3}.Release|Any CPU.Build.0 = Release|Any CPU
		{20B4B3DD-D4C6-4EE6-96D3-9E95CABFAA5B}.Debug|Any CPU.ActiveCfg = Debug|Any CPU
		{20B4B3DD-D4C6-4EE6-96D3-9E95CABFAA5B}.Debug|Any CPU.Build.0 = Debug|Any CPU
		{20B4B3DD-D4C6-4EE6-96D3-9E95CABFAA5B}.Release|Any CPU.ActiveCfg = Release|Any CPU
		{20B4B3DD-D4C6-4EE6-96D3-9E95CABFAA5B}.Release|Any CPU.Build.0 = Release|Any CPU
		{C6A913AE-C44C-4DA9-B431-ABACA4B135B8}.Debug|Any CPU.ActiveCfg = Debug|Any CPU
		{C6A913AE-C44C-4DA9-B431-ABACA4B135B8}.Debug|Any CPU.Build.0 = Debug|Any CPU
		{C6A913AE-C44C-4DA9-B431-ABACA4B135B8}.Release|Any CPU.ActiveCfg = Release|Any CPU
		{C6A913AE-C44C-4DA9-B431-ABACA4B135B8}.Release|Any CPU.Build.0 = Release|Any CPU
		{8E25D607-7B89-4869-96EE-EE263453FA3E}.Debug|Any CPU.ActiveCfg = Debug|Any CPU
		{8E25D607-7B89-4869-96EE-EE263453FA3E}.Debug|Any CPU.Build.0 = Debug|Any CPU
		{8E25D607-7B89-4869-96EE-EE263453FA3E}.Release|Any CPU.ActiveCfg = Release|Any CPU
		{8E25D607-7B89-4869-96EE-EE263453FA3E}.Release|Any CPU.Build.0 = Release|Any CPU
		{9FA5D8F5-0927-4149-896A-675D9373128B}.Debug|Any CPU.ActiveCfg = Debug|Any CPU
		{9FA5D8F5-0927-4149-896A-675D9373128B}.Debug|Any CPU.Build.0 = Debug|Any CPU
		{9FA5D8F5-0927-4149-896A-675D9373128B}.Release|Any CPU.ActiveCfg = Release|Any CPU
		{9FA5D8F5-0927-4149-896A-675D9373128B}.Release|Any CPU.Build.0 = Release|Any CPU
		{1B54F392-8C57-4F88-BC76-9072B338ED17}.Debug|Any CPU.ActiveCfg = Debug|Any CPU
		{1B54F392-8C57-4F88-BC76-9072B338ED17}.Debug|Any CPU.Build.0 = Debug|Any CPU
		{1B54F392-8C57-4F88-BC76-9072B338ED17}.Release|Any CPU.ActiveCfg = Release|Any CPU
		{1B54F392-8C57-4F88-BC76-9072B338ED17}.Release|Any CPU.Build.0 = Release|Any CPU
	EndGlobalSection
	GlobalSection(SolutionProperties) = preSolution
		HideSolutionNode = FALSE
	EndGlobalSection
	GlobalSection(NestedProjects) = preSolution
		{58D92AE9-7D0F-4206-9AEA-2D5B40A9E96F} = {E4B60197-60EA-4593-9085-37B34CD99CCD}
		{02B629A8-83FE-4D17-8BD8-A386FDF075D8} = {8877FB52-2C70-41FB-8119-13C99EF673E1}
		{8324A2CF-51E8-445C-976A-173E096B19E7} = {E4B60197-60EA-4593-9085-37B34CD99CCD}
		{55F06EF8-6C9E-47AB-A5A6-E416E9575A4B} = {8877FB52-2C70-41FB-8119-13C99EF673E1}
		{05F951DD-BD8C-4D4D-AE76-01F920A02680} = {54DA8D37-F640-4C45-910E-8074F4D30FEE}
		{20B4B3DD-D4C6-4EE6-96D3-9E95CABFAA5B} = {54DA8D37-F640-4C45-910E-8074F4D30FEE}
		{C6A913AE-C44C-4DA9-B431-ABACA4B135B8} = {54DA8D37-F640-4C45-910E-8074F4D30FEE}
		{8E25D607-7B89-4869-96EE-EE263453FA3E} = {E4B60197-60EA-4593-9085-37B34CD99CCD}
		{1B54F392-8C57-4F88-BC76-9072B338ED17} = {8877FB52-2C70-41FB-8119-13C99EF673E1}
	EndGlobalSection
	GlobalSection(ExtensibilityGlobals) = postSolution
		SolutionGuid = {E379E82B-7E36-4F72-8191-C425A6FA97CD}
	EndGlobalSection
EndGlobal
