
Microsoft Visual Studio Solution File, Format Version 12.00
# Visual Studio Version 17
VisualStudioVersion = 17.3.32901.215
MinimumVisualStudioVersion = 10.0.40219.1
Project("{2150E333-8FDC-42A3-9474-1A3956D46DE8}") = "package", "package", "{1764F5AF-6662-4E39-9E43-E09C28B8120E}"
EndProject
Project("{9A19103F-16F7-4668-BE54-9A1E7A4F7556}") = "Planar.MonitorHook.MessageBirdSms", "Planar.MonitorHook.MessageBirdSms\Planar.MonitorHook.MessageBirdSms.csproj", "{DDF803AB-C722-4E01-8147-2A3C0D916856}"
EndProject
Project("{9A19103F-16F7-4668-BE54-9A1E7A4F7556}") = "Planar.Hook", "..\nuget packages\Planar.Hook\Planar.Hook.csproj", "{B22C5528-C182-462E-8BA0-7DD755614441}"
EndProject
Project("{FAE04EC0-301F-11D3-BF4B-00C04F79EFBC}") = "Customs.Sms", "Customs.Sms\Customs.Sms.csproj", "{863255E7-CF67-460B-9DE6-E60EC0876791}"
EndProject
Global
	GlobalSection(SolutionConfigurationPlatforms) = preSolution
		Debug|Any CPU = Debug|Any CPU
		Release|Any CPU = Release|Any CPU
	EndGlobalSection
	GlobalSection(ProjectConfigurationPlatforms) = postSolution
		{DDF803AB-C722-4E01-8147-2A3C0D916856}.Debug|Any CPU.ActiveCfg = Debug|Any CPU
		{DDF803AB-C722-4E01-8147-2A3C0D916856}.Debug|Any CPU.Build.0 = Debug|Any CPU
		{DDF803AB-C722-4E01-8147-2A3C0D916856}.Release|Any CPU.ActiveCfg = Release|Any CPU
		{DDF803AB-C722-4E01-8147-2A3C0D916856}.Release|Any CPU.Build.0 = Release|Any CPU
		{B22C5528-C182-462E-8BA0-7DD755614441}.Debug|Any CPU.ActiveCfg = Debug|Any CPU
		{B22C5528-C182-462E-8BA0-7DD755614441}.Debug|Any CPU.Build.0 = Debug|Any CPU
		{B22C5528-C182-462E-8BA0-7DD755614441}.Release|Any CPU.ActiveCfg = Release|Any CPU
		{B22C5528-C182-462E-8BA0-7DD755614441}.Release|Any CPU.Build.0 = Release|Any CPU
		{863255E7-CF67-460B-9DE6-E60EC0876791}.Debug|Any CPU.ActiveCfg = Debug|Any CPU
		{863255E7-CF67-460B-9DE6-E60EC0876791}.Debug|Any CPU.Build.0 = Debug|Any CPU
		{863255E7-CF67-460B-9DE6-E60EC0876791}.Release|Any CPU.ActiveCfg = Release|Any CPU
		{863255E7-CF67-460B-9DE6-E60EC0876791}.Release|Any CPU.Build.0 = Release|Any CPU
	EndGlobalSection
	GlobalSection(SolutionProperties) = preSolution
		HideSolutionNode = FALSE
	EndGlobalSection
	GlobalSection(NestedProjects) = preSolution
		{B22C5528-C182-462E-8BA0-7DD755614441} = {1764F5AF-6662-4E39-9E43-E09C28B8120E}
	EndGlobalSection
	GlobalSection(ExtensibilityGlobals) = postSolution
		SolutionGuid = {AB111D60-C98F-4AB0-A563-57AFA8FCF45F}
	EndGlobalSection
EndGlobal
