
Microsoft Visual Studio Solution File, Format Version 12.00
# Visual Studio Version 17
VisualStudioVersion = 17.8.34525.116
MinimumVisualStudioVersion = 10.0.40219.1
Project("{9A19103F-16F7-4668-BE54-9A1E7A4F7556}") = "HealthCheck", "HealthCheck\HealthCheck.csproj", "{7ECE9562-460C-4BCF-BB67-19D308F8EBDA}"
EndProject
Project("{9A19103F-16F7-4668-BE54-9A1E7A4F7556}") = "FolderCheck", "FolderCheck\FolderCheck.csproj", "{7B0730BF-5BC8-4B7F-944A-C628E2D2B2A1}"
EndProject
Project("{9A19103F-16F7-4668-BE54-9A1E7A4F7556}") = "RedisCheck", "RedisCheck\RedisCheck.csproj", "{6FC4BD0A-82E6-471E-B061-BE88AE8C81EA}"
EndProject
Project("{9A19103F-16F7-4668-BE54-9A1E7A4F7556}") = "RabbitMQCheck", "RabbitMQCheck\RabbitMQCheck.csproj", "{7F25F5A2-7AEB-4E1E-A497-5A59C738BCF0}"
EndProject
Project("{2150E333-8FDC-42A3-9474-1A3956D46DE8}") = "Common", "Common", "{AA2C2A5D-C092-4C06-84D2-933B6FF8A52C}"
EndProject
Project("{9A19103F-16F7-4668-BE54-9A1E7A4F7556}") = "Common", "Common\Common.csproj", "{B366F8CB-A422-4A61-A75D-BFBDA80BE6D4}"
EndProject
Project("{9A19103F-16F7-4668-BE54-9A1E7A4F7556}") = "SqlQueryCheck", "SqlQueryCheck\SqlQueryCheck.csproj", "{440E26AD-8E33-4217-B148-EA5EB9E8C612}"
EndProject
Project("{2150E333-8FDC-42A3-9474-1A3956D46DE8}") = "SolutionItems", "SolutionItems", "{7D3E62E5-61BB-45F1-982A-F328BE568AC7}"
	ProjectSection(SolutionItems) = preProject
		publish.bat = publish.bat
	EndProjectSection
EndProject
Project("{2150E333-8FDC-42A3-9474-1A3956D46DE8}") = "Monitoring", "Monitoring", "{5C3DA4F3-BAFB-4BAA-A2A3-CD790FC45261}"
EndProject
Project("{2150E333-8FDC-42A3-9474-1A3956D46DE8}") = "Operation", "Operation", "{ED00B110-F470-4421-A991-7441DB42DD00}"
EndProject
Project("{9A19103F-16F7-4668-BE54-9A1E7A4F7556}") = "SqlTableRetention", "SqlTableRetention\SqlTableRetention.csproj", "{CE17A5F6-876F-437F-8DCA-52679B836426}"
EndProject
Project("{9A19103F-16F7-4668-BE54-9A1E7A4F7556}") = "FolderRetention", "FolderRetention\FolderRetention.csproj", "{F210A737-9AEA-4A63-8A49-6FB81ECAC0CD}"
EndProject
Project("{9A19103F-16F7-4668-BE54-9A1E7A4F7556}") = "RedisOperations", "RedisOperations\RedisOperations.csproj", "{2350267A-0073-47C8-8D26-E0BEC51AC172}"
EndProject
Project("{9A19103F-16F7-4668-BE54-9A1E7A4F7556}") = "WindowsServiceCheck", "WindowsServiceCheck\WindowsServiceCheck.csproj", "{41D94405-D8CA-4716-ABFA-B85B10F95FF4}"
EndProject
Project("{9A19103F-16F7-4668-BE54-9A1E7A4F7556}") = "WindowsServiceRestart", "WindowsServiceRestart\WindowsServiceRestart.csproj", "{AA091937-044C-4C7B-BF3A-E2ADF5D7E0D8}"
EndProject
Project("{9A19103F-16F7-4668-BE54-9A1E7A4F7556}") = "InfluxDBCheck", "InfluxDBCheck\InfluxDBCheck.csproj", "{874ED92D-A762-4A03-833B-B7587C523DBF}"
EndProject
Project("{FAE04EC0-301F-11D3-BF4B-00C04F79EFBC}") = "FolderSync", "FolderSync\FolderSync.csproj", "{B5B13557-EBFF-4296-B387-50A61F34C816}"
EndProject
Project("{FAE04EC0-301F-11D3-BF4B-00C04F79EFBC}") = "SeqAlertsCheck", "SeqAlertsCheck\SeqAlertsCheck.csproj", "{B198145C-A704-4D25-9E6C-D7660DE02B3A}"
EndProject
Project("{FAE04EC0-301F-11D3-BF4B-00C04F79EFBC}") = "IISRecycle", "IISRecycle\IISRecycle.csproj", "{E4825350-4D8A-4B27-BCBE-40BDD98E2391}"
EndProject
Global
	GlobalSection(SolutionConfigurationPlatforms) = preSolution
		Debug|Any CPU = Debug|Any CPU
		Release|Any CPU = Release|Any CPU
	EndGlobalSection
	GlobalSection(ProjectConfigurationPlatforms) = postSolution
		{7ECE9562-460C-4BCF-BB67-19D308F8EBDA}.Debug|Any CPU.ActiveCfg = Debug|Any CPU
		{7ECE9562-460C-4BCF-BB67-19D308F8EBDA}.Debug|Any CPU.Build.0 = Debug|Any CPU
		{7ECE9562-460C-4BCF-BB67-19D308F8EBDA}.Release|Any CPU.ActiveCfg = Release|Any CPU
		{7ECE9562-460C-4BCF-BB67-19D308F8EBDA}.Release|Any CPU.Build.0 = Release|Any CPU
		{7B0730BF-5BC8-4B7F-944A-C628E2D2B2A1}.Debug|Any CPU.ActiveCfg = Debug|Any CPU
		{7B0730BF-5BC8-4B7F-944A-C628E2D2B2A1}.Debug|Any CPU.Build.0 = Debug|Any CPU
		{7B0730BF-5BC8-4B7F-944A-C628E2D2B2A1}.Release|Any CPU.ActiveCfg = Release|Any CPU
		{7B0730BF-5BC8-4B7F-944A-C628E2D2B2A1}.Release|Any CPU.Build.0 = Release|Any CPU
		{6FC4BD0A-82E6-471E-B061-BE88AE8C81EA}.Debug|Any CPU.ActiveCfg = Debug|Any CPU
		{6FC4BD0A-82E6-471E-B061-BE88AE8C81EA}.Debug|Any CPU.Build.0 = Debug|Any CPU
		{6FC4BD0A-82E6-471E-B061-BE88AE8C81EA}.Release|Any CPU.ActiveCfg = Release|Any CPU
		{6FC4BD0A-82E6-471E-B061-BE88AE8C81EA}.Release|Any CPU.Build.0 = Release|Any CPU
		{7F25F5A2-7AEB-4E1E-A497-5A59C738BCF0}.Debug|Any CPU.ActiveCfg = Debug|Any CPU
		{7F25F5A2-7AEB-4E1E-A497-5A59C738BCF0}.Debug|Any CPU.Build.0 = Debug|Any CPU
		{7F25F5A2-7AEB-4E1E-A497-5A59C738BCF0}.Release|Any CPU.ActiveCfg = Release|Any CPU
		{7F25F5A2-7AEB-4E1E-A497-5A59C738BCF0}.Release|Any CPU.Build.0 = Release|Any CPU
		{B366F8CB-A422-4A61-A75D-BFBDA80BE6D4}.Debug|Any CPU.ActiveCfg = Debug|Any CPU
		{B366F8CB-A422-4A61-A75D-BFBDA80BE6D4}.Debug|Any CPU.Build.0 = Debug|Any CPU
		{B366F8CB-A422-4A61-A75D-BFBDA80BE6D4}.Release|Any CPU.ActiveCfg = Release|Any CPU
		{B366F8CB-A422-4A61-A75D-BFBDA80BE6D4}.Release|Any CPU.Build.0 = Release|Any CPU
		{440E26AD-8E33-4217-B148-EA5EB9E8C612}.Debug|Any CPU.ActiveCfg = Debug|Any CPU
		{440E26AD-8E33-4217-B148-EA5EB9E8C612}.Debug|Any CPU.Build.0 = Debug|Any CPU
		{440E26AD-8E33-4217-B148-EA5EB9E8C612}.Release|Any CPU.ActiveCfg = Release|Any CPU
		{440E26AD-8E33-4217-B148-EA5EB9E8C612}.Release|Any CPU.Build.0 = Release|Any CPU
		{CE17A5F6-876F-437F-8DCA-52679B836426}.Debug|Any CPU.ActiveCfg = Debug|Any CPU
		{CE17A5F6-876F-437F-8DCA-52679B836426}.Debug|Any CPU.Build.0 = Debug|Any CPU
		{CE17A5F6-876F-437F-8DCA-52679B836426}.Release|Any CPU.ActiveCfg = Release|Any CPU
		{CE17A5F6-876F-437F-8DCA-52679B836426}.Release|Any CPU.Build.0 = Release|Any CPU
		{F210A737-9AEA-4A63-8A49-6FB81ECAC0CD}.Debug|Any CPU.ActiveCfg = Debug|Any CPU
		{F210A737-9AEA-4A63-8A49-6FB81ECAC0CD}.Debug|Any CPU.Build.0 = Debug|Any CPU
		{F210A737-9AEA-4A63-8A49-6FB81ECAC0CD}.Release|Any CPU.ActiveCfg = Release|Any CPU
		{F210A737-9AEA-4A63-8A49-6FB81ECAC0CD}.Release|Any CPU.Build.0 = Release|Any CPU
		{2350267A-0073-47C8-8D26-E0BEC51AC172}.Debug|Any CPU.ActiveCfg = Debug|Any CPU
		{2350267A-0073-47C8-8D26-E0BEC51AC172}.Debug|Any CPU.Build.0 = Debug|Any CPU
		{2350267A-0073-47C8-8D26-E0BEC51AC172}.Release|Any CPU.ActiveCfg = Release|Any CPU
		{2350267A-0073-47C8-8D26-E0BEC51AC172}.Release|Any CPU.Build.0 = Release|Any CPU
		{41D94405-D8CA-4716-ABFA-B85B10F95FF4}.Debug|Any CPU.ActiveCfg = Debug|Any CPU
		{41D94405-D8CA-4716-ABFA-B85B10F95FF4}.Debug|Any CPU.Build.0 = Debug|Any CPU
		{41D94405-D8CA-4716-ABFA-B85B10F95FF4}.Release|Any CPU.ActiveCfg = Release|Any CPU
		{41D94405-D8CA-4716-ABFA-B85B10F95FF4}.Release|Any CPU.Build.0 = Release|Any CPU
		{AA091937-044C-4C7B-BF3A-E2ADF5D7E0D8}.Debug|Any CPU.ActiveCfg = Debug|Any CPU
		{AA091937-044C-4C7B-BF3A-E2ADF5D7E0D8}.Debug|Any CPU.Build.0 = Debug|Any CPU
		{AA091937-044C-4C7B-BF3A-E2ADF5D7E0D8}.Release|Any CPU.ActiveCfg = Release|Any CPU
		{AA091937-044C-4C7B-BF3A-E2ADF5D7E0D8}.Release|Any CPU.Build.0 = Release|Any CPU
		{874ED92D-A762-4A03-833B-B7587C523DBF}.Debug|Any CPU.ActiveCfg = Debug|Any CPU
		{874ED92D-A762-4A03-833B-B7587C523DBF}.Debug|Any CPU.Build.0 = Debug|Any CPU
		{874ED92D-A762-4A03-833B-B7587C523DBF}.Release|Any CPU.ActiveCfg = Release|Any CPU
		{874ED92D-A762-4A03-833B-B7587C523DBF}.Release|Any CPU.Build.0 = Release|Any CPU
		{B5B13557-EBFF-4296-B387-50A61F34C816}.Debug|Any CPU.ActiveCfg = Debug|Any CPU
		{B5B13557-EBFF-4296-B387-50A61F34C816}.Debug|Any CPU.Build.0 = Debug|Any CPU
		{B5B13557-EBFF-4296-B387-50A61F34C816}.Release|Any CPU.ActiveCfg = Release|Any CPU
		{B5B13557-EBFF-4296-B387-50A61F34C816}.Release|Any CPU.Build.0 = Release|Any CPU
		{B198145C-A704-4D25-9E6C-D7660DE02B3A}.Debug|Any CPU.ActiveCfg = Debug|Any CPU
		{B198145C-A704-4D25-9E6C-D7660DE02B3A}.Debug|Any CPU.Build.0 = Debug|Any CPU
		{B198145C-A704-4D25-9E6C-D7660DE02B3A}.Release|Any CPU.ActiveCfg = Release|Any CPU
		{B198145C-A704-4D25-9E6C-D7660DE02B3A}.Release|Any CPU.Build.0 = Release|Any CPU
		{E4825350-4D8A-4B27-BCBE-40BDD98E2391}.Debug|Any CPU.ActiveCfg = Debug|Any CPU
		{E4825350-4D8A-4B27-BCBE-40BDD98E2391}.Debug|Any CPU.Build.0 = Debug|Any CPU
		{E4825350-4D8A-4B27-BCBE-40BDD98E2391}.Release|Any CPU.ActiveCfg = Release|Any CPU
		{E4825350-4D8A-4B27-BCBE-40BDD98E2391}.Release|Any CPU.Build.0 = Release|Any CPU
	EndGlobalSection
	GlobalSection(SolutionProperties) = preSolution
		HideSolutionNode = FALSE
	EndGlobalSection
	GlobalSection(NestedProjects) = preSolution
		{7ECE9562-460C-4BCF-BB67-19D308F8EBDA} = {5C3DA4F3-BAFB-4BAA-A2A3-CD790FC45261}
		{7B0730BF-5BC8-4B7F-944A-C628E2D2B2A1} = {5C3DA4F3-BAFB-4BAA-A2A3-CD790FC45261}
		{6FC4BD0A-82E6-471E-B061-BE88AE8C81EA} = {5C3DA4F3-BAFB-4BAA-A2A3-CD790FC45261}
		{7F25F5A2-7AEB-4E1E-A497-5A59C738BCF0} = {5C3DA4F3-BAFB-4BAA-A2A3-CD790FC45261}
		{B366F8CB-A422-4A61-A75D-BFBDA80BE6D4} = {AA2C2A5D-C092-4C06-84D2-933B6FF8A52C}
		{440E26AD-8E33-4217-B148-EA5EB9E8C612} = {5C3DA4F3-BAFB-4BAA-A2A3-CD790FC45261}
		{CE17A5F6-876F-437F-8DCA-52679B836426} = {ED00B110-F470-4421-A991-7441DB42DD00}
		{F210A737-9AEA-4A63-8A49-6FB81ECAC0CD} = {ED00B110-F470-4421-A991-7441DB42DD00}
		{2350267A-0073-47C8-8D26-E0BEC51AC172} = {ED00B110-F470-4421-A991-7441DB42DD00}
		{41D94405-D8CA-4716-ABFA-B85B10F95FF4} = {5C3DA4F3-BAFB-4BAA-A2A3-CD790FC45261}
		{AA091937-044C-4C7B-BF3A-E2ADF5D7E0D8} = {ED00B110-F470-4421-A991-7441DB42DD00}
		{874ED92D-A762-4A03-833B-B7587C523DBF} = {5C3DA4F3-BAFB-4BAA-A2A3-CD790FC45261}
		{B5B13557-EBFF-4296-B387-50A61F34C816} = {ED00B110-F470-4421-A991-7441DB42DD00}
		{B198145C-A704-4D25-9E6C-D7660DE02B3A} = {5C3DA4F3-BAFB-4BAA-A2A3-CD790FC45261}
		{E4825350-4D8A-4B27-BCBE-40BDD98E2391} = {ED00B110-F470-4421-A991-7441DB42DD00}
	EndGlobalSection
	GlobalSection(ExtensibilityGlobals) = postSolution
		SolutionGuid = {50C161EB-78A8-4B28-BAA4-8C426C2165BE}
	EndGlobalSection
EndGlobal
