
Microsoft Visual Studio Solution File, Format Version 12.00
# Visual Studio Version 17
VisualStudioVersion = 17.1.32319.34
MinimumVisualStudioVersion = 10.0.40219.1
Project("{9A19103F-16F7-4668-BE54-9A1E7A4F7556}") = "Planar.CLI", "Planar.CLI\Planar.CLI.csproj", "{B2C8984C-395D-438E-BFF3-393775D1B8AC}"
EndProject
Project("{9A19103F-16F7-4668-BE54-9A1E7A4F7556}") = "Planar.Common", "Planar.Common\Planar.Common.csproj", "{1E886FF4-016C-47FF-84BE-2AFCE5A10A2D}"
EndProject
Project("{9A19103F-16F7-4668-BE54-9A1E7A4F7556}") = "Planar.Service", "Planar.Service\Planar.Service.csproj", "{0875B6C0-C563-4F74-AA0C-2B305A7A2297}"
EndProject
Project("{9A19103F-16F7-4668-BE54-9A1E7A4F7556}") = "PlanarJob", "Jobs\PlanarJob\PlanarJob.csproj", "{02B629A8-83FE-4D17-8BD8-A386FDF075D8}"
EndProject
Project("{2150E333-8FDC-42A3-9474-1A3956D46DE8}") = "Jobs", "Jobs", "{8877FB52-2C70-41FB-8119-13C99EF673E1}"
EndProject
Project("{9A19103F-16F7-4668-BE54-9A1E7A4F7556}") = "CommonJob", "Jobs\CommonJob\CommonJob.csproj", "{55F06EF8-6C9E-47AB-A5A6-E416E9575A4B}"
EndProject
Project("{2150E333-8FDC-42A3-9474-1A3956D46DE8}") = "Solution Items", "Solution Items", "{0DB882F1-2470-40F6-AB4B-4030A653BBCC}"
	ProjectSection(SolutionItems) = preProject
		.editorconfig = .editorconfig
		SolutionItems\DockerBuildScript.bat = SolutionItems\DockerBuildScript.bat
		Dockerfile = Dockerfile
		SolutionItems\MalamWebHook.txt = SolutionItems\MalamWebHook.txt
		SolutionItems\mysql-docker-compose.yml = SolutionItems\mysql-docker-compose.yml
		SolutionItems\postgressql-docker-compose.yml = SolutionItems\postgressql-docker-compose.yml
		SolutionItems\publish.bat = SolutionItems\publish.bat
		SolutionItems\run_cluster.bat = SolutionItems\run_cluster.bat
		SolutionItems\Scaffold-DbContext.txt = SolutionItems\Scaffold-DbContext.txt
		SolutionItems\SqlDataCompare.dcmp = SolutionItems\SqlDataCompare.dcmp
		SolutionItems\SqlSchemaCompare.scmp = SolutionItems\SqlSchemaCompare.scmp
		SolutionItems\template-_v1.3.5.html = SolutionItems\template-_v1.3.5.html
		SolutionItems\ToDo.txt = SolutionItems\ToDo.txt
		VersionCheckList.txt = VersionCheckList.txt
	EndProjectSection
EndProject
Project("{9A19103F-16F7-4668-BE54-9A1E7A4F7556}") = "Planar.API.Common", "Planar.API.Common\Planar.API.Common.csproj", "{A0B58A23-181D-4BFA-A9DA-0652DBDDF7A3}"
EndProject
Project("{9A19103F-16F7-4668-BE54-9A1E7A4F7556}") = "PowerShellJob", "Jobs\PowerShellJob\PowerShellJob.csproj", "{1B54F392-8C57-4F88-BC76-9072B338ED17}"
EndProject
Project("{9A19103F-16F7-4668-BE54-9A1E7A4F7556}") = "Planar", "Planar\Planar.csproj", "{EF74149D-ECDD-4680-8C68-C335A873020A}"
EndProject
Project("{9A19103F-16F7-4668-BE54-9A1E7A4F7556}") = "Planar.Test", "Planar.Test\Planar.Test.csproj", "{30B62187-2BF4-40AA-AB33-EDA20EBC2269}"
EndProject
Project("{9A19103F-16F7-4668-BE54-9A1E7A4F7556}") = "ProcessJob", "Jobs\ProcessJob\ProcessJob.csproj", "{60A918AE-FE88-423E-B060-8F520154A04F}"
EndProject
Project("{9A19103F-16F7-4668-BE54-9A1E7A4F7556}") = "SqlJob", "Jobs\SqlJob\SqlJob.csproj", "{07EAEB6B-D84C-4C72-BDAE-52333D15155B}"
EndProject
Project("{9A19103F-16F7-4668-BE54-9A1E7A4F7556}") = "RestJob", "Jobs\RestJob\RestJob.csproj", "{0610AEC6-D7A5-4012-95D2-985482B0CD44}"
EndProject
Project("{2150E333-8FDC-42A3-9474-1A3956D46DE8}") = "Hooks", "Hooks", "{E9F29B01-E6D9-408B-834F-23E19F6E181F}"
EndProject
Project("{9A19103F-16F7-4668-BE54-9A1E7A4F7556}") = "Planar.Hooks", "Hooks\Planar.Hooks.csproj", "{1E97E8B3-8049-4445-8F32-929CE4B3D27F}"
EndProject
Project("{2150E333-8FDC-42A3-9474-1A3956D46DE8}") = "DatabaseMigrations", "DatabaseMigrations", "{C548294E-2B33-4243-BE8B-DD20687CFA1D}"
EndProject
Project("{9A19103F-16F7-4668-BE54-9A1E7A4F7556}") = "DatabaseMigrations", "DatabaseMigrations\DatabaseMigrations.csproj", "{5D7816C1-056A-4B4B-85E6-1D93B0A6C6B8}"
EndProject
Project("{9A19103F-16F7-4668-BE54-9A1E7A4F7556}") = "DatabaseMigrations.Factory", "DatabaseMigrations.Factory\DatabaseMigrations.Factory.csproj", "{DCFE1EFE-4FB0-43DB-AF22-DC627A89E2BD}"
EndProject
Project("{9A19103F-16F7-4668-BE54-9A1E7A4F7556}") = "dbup-sqlserver", "DbUp\dbup-sqlserver\dbup-sqlserver.csproj", "{FABC89FF-3809-47DD-8E52-0065B54038FF}"
EndProject
Project("{9A19103F-16F7-4668-BE54-9A1E7A4F7556}") = "dbup-core", "DbUp\dbup-core\dbup-core.csproj", "{16A35CCC-9B3D-4951-9050-88FA71633096}"
EndProject
Project("{9A19103F-16F7-4668-BE54-9A1E7A4F7556}") = "dbup-mysql", "DbUp\dbup-mysql\dbup-mysql.csproj", "{238C8B94-03A5-40B8-9CEA-817A0F5C6562}"
EndProject
Project("{9A19103F-16F7-4668-BE54-9A1E7A4F7556}") = "Nager.Date", "Nager.Date\Nager.Date.csproj", "{3206CB55-5FFF-40D0-9092-448A803EA22D}"
EndProject
Project("{9A19103F-16F7-4668-BE54-9A1E7A4F7556}") = "dbup-postgresql", "DbUp\dbup-postgresql\dbup-postgresql.csproj", "{108369EC-A42C-4724-991B-DBBA2704586F}"
EndProject
Global
	GlobalSection(SolutionConfigurationPlatforms) = preSolution
		Debug|Any CPU = Debug|Any CPU
		Release|Any CPU = Release|Any CPU
	EndGlobalSection
	GlobalSection(ProjectConfigurationPlatforms) = postSolution
		{B2C8984C-395D-438E-BFF3-393775D1B8AC}.Debug|Any CPU.ActiveCfg = Debug|Any CPU
		{B2C8984C-395D-438E-BFF3-393775D1B8AC}.Debug|Any CPU.Build.0 = Debug|Any CPU
		{B2C8984C-395D-438E-BFF3-393775D1B8AC}.Release|Any CPU.ActiveCfg = Release|Any CPU
		{B2C8984C-395D-438E-BFF3-393775D1B8AC}.Release|Any CPU.Build.0 = Release|Any CPU
		{1E886FF4-016C-47FF-84BE-2AFCE5A10A2D}.Debug|Any CPU.ActiveCfg = Debug|Any CPU
		{1E886FF4-016C-47FF-84BE-2AFCE5A10A2D}.Debug|Any CPU.Build.0 = Debug|Any CPU
		{1E886FF4-016C-47FF-84BE-2AFCE5A10A2D}.Release|Any CPU.ActiveCfg = Release|Any CPU
		{1E886FF4-016C-47FF-84BE-2AFCE5A10A2D}.Release|Any CPU.Build.0 = Release|Any CPU
		{0875B6C0-C563-4F74-AA0C-2B305A7A2297}.Debug|Any CPU.ActiveCfg = Debug|Any CPU
		{0875B6C0-C563-4F74-AA0C-2B305A7A2297}.Debug|Any CPU.Build.0 = Debug|Any CPU
		{0875B6C0-C563-4F74-AA0C-2B305A7A2297}.Release|Any CPU.ActiveCfg = Release|Any CPU
		{0875B6C0-C563-4F74-AA0C-2B305A7A2297}.Release|Any CPU.Build.0 = Release|Any CPU
		{02B629A8-83FE-4D17-8BD8-A386FDF075D8}.Debug|Any CPU.ActiveCfg = Debug|Any CPU
		{02B629A8-83FE-4D17-8BD8-A386FDF075D8}.Debug|Any CPU.Build.0 = Debug|Any CPU
		{02B629A8-83FE-4D17-8BD8-A386FDF075D8}.Release|Any CPU.ActiveCfg = Release|Any CPU
		{02B629A8-83FE-4D17-8BD8-A386FDF075D8}.Release|Any CPU.Build.0 = Release|Any CPU
		{55F06EF8-6C9E-47AB-A5A6-E416E9575A4B}.Debug|Any CPU.ActiveCfg = Debug|Any CPU
		{55F06EF8-6C9E-47AB-A5A6-E416E9575A4B}.Debug|Any CPU.Build.0 = Debug|Any CPU
		{55F06EF8-6C9E-47AB-A5A6-E416E9575A4B}.Release|Any CPU.ActiveCfg = Release|Any CPU
		{55F06EF8-6C9E-47AB-A5A6-E416E9575A4B}.Release|Any CPU.Build.0 = Release|Any CPU
		{A0B58A23-181D-4BFA-A9DA-0652DBDDF7A3}.Debug|Any CPU.ActiveCfg = Debug|Any CPU
		{A0B58A23-181D-4BFA-A9DA-0652DBDDF7A3}.Debug|Any CPU.Build.0 = Debug|Any CPU
		{A0B58A23-181D-4BFA-A9DA-0652DBDDF7A3}.Release|Any CPU.ActiveCfg = Release|Any CPU
		{A0B58A23-181D-4BFA-A9DA-0652DBDDF7A3}.Release|Any CPU.Build.0 = Release|Any CPU
		{1B54F392-8C57-4F88-BC76-9072B338ED17}.Debug|Any CPU.ActiveCfg = Debug|Any CPU
		{1B54F392-8C57-4F88-BC76-9072B338ED17}.Debug|Any CPU.Build.0 = Debug|Any CPU
		{1B54F392-8C57-4F88-BC76-9072B338ED17}.Release|Any CPU.ActiveCfg = Release|Any CPU
		{1B54F392-8C57-4F88-BC76-9072B338ED17}.Release|Any CPU.Build.0 = Release|Any CPU
		{EF74149D-ECDD-4680-8C68-C335A873020A}.Debug|Any CPU.ActiveCfg = Debug|Any CPU
		{EF74149D-ECDD-4680-8C68-C335A873020A}.Debug|Any CPU.Build.0 = Debug|Any CPU
		{EF74149D-ECDD-4680-8C68-C335A873020A}.Release|Any CPU.ActiveCfg = Release|Any CPU
		{EF74149D-ECDD-4680-8C68-C335A873020A}.Release|Any CPU.Build.0 = Release|Any CPU
		{30B62187-2BF4-40AA-AB33-EDA20EBC2269}.Debug|Any CPU.ActiveCfg = Debug|Any CPU
		{30B62187-2BF4-40AA-AB33-EDA20EBC2269}.Debug|Any CPU.Build.0 = Debug|Any CPU
		{30B62187-2BF4-40AA-AB33-EDA20EBC2269}.Release|Any CPU.ActiveCfg = Release|Any CPU
		{30B62187-2BF4-40AA-AB33-EDA20EBC2269}.Release|Any CPU.Build.0 = Release|Any CPU
		{60A918AE-FE88-423E-B060-8F520154A04F}.Debug|Any CPU.ActiveCfg = Debug|Any CPU
		{60A918AE-FE88-423E-B060-8F520154A04F}.Debug|Any CPU.Build.0 = Debug|Any CPU
		{60A918AE-FE88-423E-B060-8F520154A04F}.Release|Any CPU.ActiveCfg = Release|Any CPU
		{60A918AE-FE88-423E-B060-8F520154A04F}.Release|Any CPU.Build.0 = Release|Any CPU
		{07EAEB6B-D84C-4C72-BDAE-52333D15155B}.Debug|Any CPU.ActiveCfg = Debug|Any CPU
		{07EAEB6B-D84C-4C72-BDAE-52333D15155B}.Debug|Any CPU.Build.0 = Debug|Any CPU
		{07EAEB6B-D84C-4C72-BDAE-52333D15155B}.Release|Any CPU.ActiveCfg = Release|Any CPU
		{07EAEB6B-D84C-4C72-BDAE-52333D15155B}.Release|Any CPU.Build.0 = Release|Any CPU
		{0610AEC6-D7A5-4012-95D2-985482B0CD44}.Debug|Any CPU.ActiveCfg = Debug|Any CPU
		{0610AEC6-D7A5-4012-95D2-985482B0CD44}.Debug|Any CPU.Build.0 = Debug|Any CPU
		{0610AEC6-D7A5-4012-95D2-985482B0CD44}.Release|Any CPU.ActiveCfg = Release|Any CPU
		{0610AEC6-D7A5-4012-95D2-985482B0CD44}.Release|Any CPU.Build.0 = Release|Any CPU
		{1E97E8B3-8049-4445-8F32-929CE4B3D27F}.Debug|Any CPU.ActiveCfg = Debug|Any CPU
		{1E97E8B3-8049-4445-8F32-929CE4B3D27F}.Debug|Any CPU.Build.0 = Debug|Any CPU
		{1E97E8B3-8049-4445-8F32-929CE4B3D27F}.Release|Any CPU.ActiveCfg = Release|Any CPU
		{1E97E8B3-8049-4445-8F32-929CE4B3D27F}.Release|Any CPU.Build.0 = Release|Any CPU
		{5D7816C1-056A-4B4B-85E6-1D93B0A6C6B8}.Debug|Any CPU.ActiveCfg = Debug|Any CPU
		{5D7816C1-056A-4B4B-85E6-1D93B0A6C6B8}.Debug|Any CPU.Build.0 = Debug|Any CPU
		{5D7816C1-056A-4B4B-85E6-1D93B0A6C6B8}.Release|Any CPU.ActiveCfg = Release|Any CPU
		{5D7816C1-056A-4B4B-85E6-1D93B0A6C6B8}.Release|Any CPU.Build.0 = Release|Any CPU
		{DCFE1EFE-4FB0-43DB-AF22-DC627A89E2BD}.Debug|Any CPU.ActiveCfg = Debug|Any CPU
		{DCFE1EFE-4FB0-43DB-AF22-DC627A89E2BD}.Debug|Any CPU.Build.0 = Debug|Any CPU
		{DCFE1EFE-4FB0-43DB-AF22-DC627A89E2BD}.Release|Any CPU.ActiveCfg = Release|Any CPU
		{DCFE1EFE-4FB0-43DB-AF22-DC627A89E2BD}.Release|Any CPU.Build.0 = Release|Any CPU
		{FABC89FF-3809-47DD-8E52-0065B54038FF}.Debug|Any CPU.ActiveCfg = Debug|Any CPU
		{FABC89FF-3809-47DD-8E52-0065B54038FF}.Debug|Any CPU.Build.0 = Debug|Any CPU
		{FABC89FF-3809-47DD-8E52-0065B54038FF}.Release|Any CPU.ActiveCfg = Release|Any CPU
		{FABC89FF-3809-47DD-8E52-0065B54038FF}.Release|Any CPU.Build.0 = Release|Any CPU
		{16A35CCC-9B3D-4951-9050-88FA71633096}.Debug|Any CPU.ActiveCfg = Debug|Any CPU
		{16A35CCC-9B3D-4951-9050-88FA71633096}.Debug|Any CPU.Build.0 = Debug|Any CPU
		{16A35CCC-9B3D-4951-9050-88FA71633096}.Release|Any CPU.ActiveCfg = Release|Any CPU
		{16A35CCC-9B3D-4951-9050-88FA71633096}.Release|Any CPU.Build.0 = Release|Any CPU
		{238C8B94-03A5-40B8-9CEA-817A0F5C6562}.Debug|Any CPU.ActiveCfg = Debug|Any CPU
		{238C8B94-03A5-40B8-9CEA-817A0F5C6562}.Debug|Any CPU.Build.0 = Debug|Any CPU
		{238C8B94-03A5-40B8-9CEA-817A0F5C6562}.Release|Any CPU.ActiveCfg = Release|Any CPU
		{238C8B94-03A5-40B8-9CEA-817A0F5C6562}.Release|Any CPU.Build.0 = Release|Any CPU
		{3206CB55-5FFF-40D0-9092-448A803EA22D}.Debug|Any CPU.ActiveCfg = Debug|Any CPU
		{3206CB55-5FFF-40D0-9092-448A803EA22D}.Debug|Any CPU.Build.0 = Debug|Any CPU
		{3206CB55-5FFF-40D0-9092-448A803EA22D}.Release|Any CPU.ActiveCfg = Release|Any CPU
		{3206CB55-5FFF-40D0-9092-448A803EA22D}.Release|Any CPU.Build.0 = Release|Any CPU
		{108369EC-A42C-4724-991B-DBBA2704586F}.Debug|Any CPU.ActiveCfg = Debug|Any CPU
		{108369EC-A42C-4724-991B-DBBA2704586F}.Debug|Any CPU.Build.0 = Debug|Any CPU
		{108369EC-A42C-4724-991B-DBBA2704586F}.Release|Any CPU.ActiveCfg = Release|Any CPU
		{108369EC-A42C-4724-991B-DBBA2704586F}.Release|Any CPU.Build.0 = Release|Any CPU
	EndGlobalSection
	GlobalSection(SolutionProperties) = preSolution
		HideSolutionNode = FALSE
	EndGlobalSection
	GlobalSection(NestedProjects) = preSolution
		{02B629A8-83FE-4D17-8BD8-A386FDF075D8} = {8877FB52-2C70-41FB-8119-13C99EF673E1}
		{55F06EF8-6C9E-47AB-A5A6-E416E9575A4B} = {8877FB52-2C70-41FB-8119-13C99EF673E1}
		{1B54F392-8C57-4F88-BC76-9072B338ED17} = {8877FB52-2C70-41FB-8119-13C99EF673E1}
		{60A918AE-FE88-423E-B060-8F520154A04F} = {8877FB52-2C70-41FB-8119-13C99EF673E1}
		{07EAEB6B-D84C-4C72-BDAE-52333D15155B} = {8877FB52-2C70-41FB-8119-13C99EF673E1}
		{0610AEC6-D7A5-4012-95D2-985482B0CD44} = {8877FB52-2C70-41FB-8119-13C99EF673E1}
		{1E97E8B3-8049-4445-8F32-929CE4B3D27F} = {E9F29B01-E6D9-408B-834F-23E19F6E181F}
		{5D7816C1-056A-4B4B-85E6-1D93B0A6C6B8} = {C548294E-2B33-4243-BE8B-DD20687CFA1D}
		{DCFE1EFE-4FB0-43DB-AF22-DC627A89E2BD} = {C548294E-2B33-4243-BE8B-DD20687CFA1D}
		{FABC89FF-3809-47DD-8E52-0065B54038FF} = {C548294E-2B33-4243-BE8B-DD20687CFA1D}
		{16A35CCC-9B3D-4951-9050-88FA71633096} = {C548294E-2B33-4243-BE8B-DD20687CFA1D}
		{238C8B94-03A5-40B8-9CEA-817A0F5C6562} = {C548294E-2B33-4243-BE8B-DD20687CFA1D}
		{108369EC-A42C-4724-991B-DBBA2704586F} = {C548294E-2B33-4243-BE8B-DD20687CFA1D}
	EndGlobalSection
	GlobalSection(ExtensibilityGlobals) = postSolution
		SolutionGuid = {E379E82B-7E36-4F72-8191-C425A6FA97CD}
	EndGlobalSection
EndGlobal
