
Microsoft Visual Studio Solution File, Format Version 12.00
# Visual Studio Version 17
VisualStudioVersion = 17.3.32901.215
MinimumVisualStudioVersion = 10.0.40219.1
Project("{9A19103F-16F7-4668-BE54-9A1E7A4F7556}") = "Planar.Job", "Planar.Job\Planar.Job.csproj", "{147036DE-C9EB-474E-99F6-061DE1DFB5A7}"
EndProject
Project("{9A19103F-16F7-4668-BE54-9A1E7A4F7556}") = "Planar.Job.Test", "Planar.Job.Test\Planar.Job.Test.csproj", "{54215FE6-87AC-40A5-B4DD-0A53FEFF1FCD}"
EndProject
Project("{2150E333-8FDC-42A3-9474-1A3956D46DE8}") = "Test", "Test", "{CFFFF68A-BF9D-4297-9E81-FE2ACF6B60C5}"
EndProject
Project("{9A19103F-16F7-4668-BE54-9A1E7A4F7556}") = "UnitTest", "UnitTest\UnitTest.csproj", "{191E89DF-5293-41DB-B777-6B3720A37E88}"
EndProject
Project("{9A19103F-16F7-4668-BE54-9A1E7A4F7556}") = "SomeJob", "SomeJob\SomeJob.csproj", "{7E6940F7-9205-41C9-B442-0C9DFC1B38EA}"
EndProject
Project("{9A19103F-16F7-4668-BE54-9A1E7A4F7556}") = "Planar.Common", "Planar.Common\Planar.Common.csproj", "{71487E4E-0C31-4D88-8CAC-6C2DA15DF4D2}"
EndProject
Project("{9A19103F-16F7-4668-BE54-9A1E7A4F7556}") = "Planar.Client", "Planar.Client\Planar.Client.csproj", "{608FF823-6F41-4E9B-8390-08AF779DBB16}"
EndProject
Project("{9A19103F-16F7-4668-BE54-9A1E7A4F7556}") = "SomeHook", "SomeHook\SomeHook.csproj", "{3C2064DA-DB8F-4F7A-A6CE-071801653FCA}"
EndProject
Project("{9A19103F-16F7-4668-BE54-9A1E7A4F7556}") = "Planar.Hook.Test", "Planar.Hook.Test\Planar.Hook.Test.csproj", "{8FF39155-8ED7-4226-B70E-E69A7822C10F}"
EndProject
Project("{9A19103F-16F7-4668-BE54-9A1E7A4F7556}") = "Planar.Hook", "Planar.Hook\Planar.Hook.csproj", "{CAA858C4-9EAA-4D76-94CF-F9D99EDD851D}"
EndProject
Project("{9A19103F-16F7-4668-BE54-9A1E7A4F7556}") = "ClientLibraryTest", "ClientLibraryTest\ClientLibraryTest.csproj", "{BC9DD697-4F78-4F2D-9277-86DAC265BAD8}"
EndProject
Project("{9A19103F-16F7-4668-BE54-9A1E7A4F7556}") = "AigSmsHook", "AigSmsHook\AigSmsHook.csproj", "{C1C29BDA-DB66-4BF9-AE06-F97A03DEDE9E}"
EndProject
Project("{2150E333-8FDC-42A3-9474-1A3956D46DE8}") = "SolutionItems", "SolutionItems", "{2DD352CF-F699-4BB0-AA2E-385B3EBDC875}"
	ProjectSection(SolutionItems) = preProject
		publish.bat = publish.bat
	EndProjectSection
EndProject
Global
	GlobalSection(SolutionConfigurationPlatforms) = preSolution
		Debug|Any CPU = Debug|Any CPU
		Release|Any CPU = Release|Any CPU
	EndGlobalSection
	GlobalSection(ProjectConfigurationPlatforms) = postSolution
		{147036DE-C9EB-474E-99F6-061DE1DFB5A7}.Debug|Any CPU.ActiveCfg = Debug|Any CPU
		{147036DE-C9EB-474E-99F6-061DE1DFB5A7}.Debug|Any CPU.Build.0 = Debug|Any CPU
		{147036DE-C9EB-474E-99F6-061DE1DFB5A7}.Release|Any CPU.ActiveCfg = Release|Any CPU
		{147036DE-C9EB-474E-99F6-061DE1DFB5A7}.Release|Any CPU.Build.0 = Release|Any CPU
		{54215FE6-87AC-40A5-B4DD-0A53FEFF1FCD}.Debug|Any CPU.ActiveCfg = Debug|Any CPU
		{54215FE6-87AC-40A5-B4DD-0A53FEFF1FCD}.Debug|Any CPU.Build.0 = Debug|Any CPU
		{54215FE6-87AC-40A5-B4DD-0A53FEFF1FCD}.Release|Any CPU.ActiveCfg = Release|Any CPU
		{54215FE6-87AC-40A5-B4DD-0A53FEFF1FCD}.Release|Any CPU.Build.0 = Release|Any CPU
		{191E89DF-5293-41DB-B777-6B3720A37E88}.Debug|Any CPU.ActiveCfg = Debug|Any CPU
		{191E89DF-5293-41DB-B777-6B3720A37E88}.Debug|Any CPU.Build.0 = Debug|Any CPU
		{191E89DF-5293-41DB-B777-6B3720A37E88}.Release|Any CPU.ActiveCfg = Release|Any CPU
		{191E89DF-5293-41DB-B777-6B3720A37E88}.Release|Any CPU.Build.0 = Release|Any CPU
		{7E6940F7-9205-41C9-B442-0C9DFC1B38EA}.Debug|Any CPU.ActiveCfg = Debug|Any CPU
		{7E6940F7-9205-41C9-B442-0C9DFC1B38EA}.Debug|Any CPU.Build.0 = Debug|Any CPU
		{7E6940F7-9205-41C9-B442-0C9DFC1B38EA}.Release|Any CPU.ActiveCfg = Release|Any CPU
		{7E6940F7-9205-41C9-B442-0C9DFC1B38EA}.Release|Any CPU.Build.0 = Release|Any CPU
		{71487E4E-0C31-4D88-8CAC-6C2DA15DF4D2}.Debug|Any CPU.ActiveCfg = Debug|Any CPU
		{71487E4E-0C31-4D88-8CAC-6C2DA15DF4D2}.Debug|Any CPU.Build.0 = Debug|Any CPU
		{71487E4E-0C31-4D88-8CAC-6C2DA15DF4D2}.Release|Any CPU.ActiveCfg = Release|Any CPU
		{71487E4E-0C31-4D88-8CAC-6C2DA15DF4D2}.Release|Any CPU.Build.0 = Release|Any CPU
		{608FF823-6F41-4E9B-8390-08AF779DBB16}.Debug|Any CPU.ActiveCfg = Debug|Any CPU
		{608FF823-6F41-4E9B-8390-08AF779DBB16}.Debug|Any CPU.Build.0 = Debug|Any CPU
		{608FF823-6F41-4E9B-8390-08AF779DBB16}.Release|Any CPU.ActiveCfg = Release|Any CPU
		{608FF823-6F41-4E9B-8390-08AF779DBB16}.Release|Any CPU.Build.0 = Release|Any CPU
		{3C2064DA-DB8F-4F7A-A6CE-071801653FCA}.Debug|Any CPU.ActiveCfg = Debug|Any CPU
		{3C2064DA-DB8F-4F7A-A6CE-071801653FCA}.Debug|Any CPU.Build.0 = Debug|Any CPU
		{3C2064DA-DB8F-4F7A-A6CE-071801653FCA}.Release|Any CPU.ActiveCfg = Release|Any CPU
		{3C2064DA-DB8F-4F7A-A6CE-071801653FCA}.Release|Any CPU.Build.0 = Release|Any CPU
		{8FF39155-8ED7-4226-B70E-E69A7822C10F}.Debug|Any CPU.ActiveCfg = Debug|Any CPU
		{8FF39155-8ED7-4226-B70E-E69A7822C10F}.Debug|Any CPU.Build.0 = Debug|Any CPU
		{8FF39155-8ED7-4226-B70E-E69A7822C10F}.Release|Any CPU.ActiveCfg = Release|Any CPU
		{8FF39155-8ED7-4226-B70E-E69A7822C10F}.Release|Any CPU.Build.0 = Release|Any CPU
		{CAA858C4-9EAA-4D76-94CF-F9D99EDD851D}.Debug|Any CPU.ActiveCfg = Debug|Any CPU
		{CAA858C4-9EAA-4D76-94CF-F9D99EDD851D}.Debug|Any CPU.Build.0 = Debug|Any CPU
		{CAA858C4-9EAA-4D76-94CF-F9D99EDD851D}.Release|Any CPU.ActiveCfg = Release|Any CPU
		{CAA858C4-9EAA-4D76-94CF-F9D99EDD851D}.Release|Any CPU.Build.0 = Release|Any CPU
		{BC9DD697-4F78-4F2D-9277-86DAC265BAD8}.Debug|Any CPU.ActiveCfg = Debug|Any CPU
		{BC9DD697-4F78-4F2D-9277-86DAC265BAD8}.Debug|Any CPU.Build.0 = Debug|Any CPU
		{BC9DD697-4F78-4F2D-9277-86DAC265BAD8}.Release|Any CPU.ActiveCfg = Release|Any CPU
		{BC9DD697-4F78-4F2D-9277-86DAC265BAD8}.Release|Any CPU.Build.0 = Release|Any CPU
		{C1C29BDA-DB66-4BF9-AE06-F97A03DEDE9E}.Debug|Any CPU.ActiveCfg = Debug|Any CPU
		{C1C29BDA-DB66-4BF9-AE06-F97A03DEDE9E}.Debug|Any CPU.Build.0 = Debug|Any CPU
		{C1C29BDA-DB66-4BF9-AE06-F97A03DEDE9E}.Release|Any CPU.ActiveCfg = Release|Any CPU
		{C1C29BDA-DB66-4BF9-AE06-F97A03DEDE9E}.Release|Any CPU.Build.0 = Release|Any CPU
	EndGlobalSection
	GlobalSection(SolutionProperties) = preSolution
		HideSolutionNode = FALSE
	EndGlobalSection
	GlobalSection(NestedProjects) = preSolution
		{191E89DF-5293-41DB-B777-6B3720A37E88} = {CFFFF68A-BF9D-4297-9E81-FE2ACF6B60C5}
		{7E6940F7-9205-41C9-B442-0C9DFC1B38EA} = {CFFFF68A-BF9D-4297-9E81-FE2ACF6B60C5}
		{3C2064DA-DB8F-4F7A-A6CE-071801653FCA} = {CFFFF68A-BF9D-4297-9E81-FE2ACF6B60C5}
		{BC9DD697-4F78-4F2D-9277-86DAC265BAD8} = {CFFFF68A-BF9D-4297-9E81-FE2ACF6B60C5}
		{C1C29BDA-DB66-4BF9-AE06-F97A03DEDE9E} = {CFFFF68A-BF9D-4297-9E81-FE2ACF6B60C5}
	EndGlobalSection
	GlobalSection(ExtensibilityGlobals) = postSolution
		SolutionGuid = {052EE731-D23D-43DF-822D-72DA17A54D1E}
	EndGlobalSection
EndGlobal
